// !$*UTF8*$!
{
	archiveVersion = 1;
	classes = {
	};
	objectVersion = 46;
	objects = {

/* Begin PBXBuildFile section */
		E938CF3D1F20862D006C01B4 /* AppDelegate.swift in Sources */ = {isa = PBXBuildFile; fileRef = E938CF3C1F20862D006C01B4 /* AppDelegate.swift */; };
		E938CF3F1F20862D006C01B4 /* ViewController.swift in Sources */ = {isa = PBXBuildFile; fileRef = E938CF3E1F20862D006C01B4 /* ViewController.swift */; };
		E938CF421F20862D006C01B4 /* Main.storyboard in Resources */ = {isa = PBXBuildFile; fileRef = E938CF401F20862D006C01B4 /* Main.storyboard */; };
		E938CF441F20862D006C01B4 /* Assets.xcassets in Resources */ = {isa = PBXBuildFile; fileRef = E938CF431F20862D006C01B4 /* Assets.xcassets */; };
		E938CF471F20862D006C01B4 /* LaunchScreen.storyboard in Resources */ = {isa = PBXBuildFile; fileRef = E938CF451F20862D006C01B4 /* LaunchScreen.storyboard */; };
		E938CF521F20862D006C01B4 /* UITestDemoUITests.swift in Sources */ = {isa = PBXBuildFile; fileRef = E938CF511F20862D006C01B4 /* UITestDemoUITests.swift */; };
/* End PBXBuildFile section */

/* Begin PBXContainerItemProxy section */
		E938CF4E1F20862D006C01B4 /* PBXContainerItemProxy */ = {
			isa = PBXContainerItemProxy;
			containerPortal = E938CF311F20862D006C01B4 /* Project object */;
			proxyType = 1;
			remoteGlobalIDString = E938CF381F20862D006C01B4;
			remoteInfo = UITestDemo;
		};
/* End PBXContainerItemProxy section */

/* Begin PBXFileReference section */
		E938CF391F20862D006C01B4 /* UITestDemo.app */ = {isa = PBXFileReference; explicitFileType = wrapper.application; includeInIndex = 0; path = UITestDemo.app; sourceTree = BUILT_PRODUCTS_DIR; };
		E938CF3C1F20862D006C01B4 /* AppDelegate.swift */ = {isa = PBXFileReference; lastKnownFileType = sourcecode.swift; path = AppDelegate.swift; sourceTree = "<group>"; };
		E938CF3E1F20862D006C01B4 /* ViewController.swift */ = {isa = PBXFileReference; lastKnownFileType = sourcecode.swift; path = ViewController.swift; sourceTree = "<group>"; };
		E938CF411F20862D006C01B4 /* Base */ = {isa = PBXFileReference; lastKnownFileType = file.storyboard; name = Base; path = Base.lproj/Main.storyboard; sourceTree = "<group>"; };
		E938CF431F20862D006C01B4 /* Assets.xcassets */ = {isa = PBXFileReference; lastKnownFileType = folder.assetcatalog; path = Assets.xcassets; sourceTree = "<group>"; };
		E938CF461F20862D006C01B4 /* Base */ = {isa = PBXFileReference; lastKnownFileType = file.storyboard; name = Base; path = Base.lproj/LaunchScreen.storyboard; sourceTree = "<group>"; };
		E938CF481F20862D006C01B4 /* Info.plist */ = {isa = PBXFileReference; lastKnownFileType = text.plist.xml; path = Info.plist; sourceTree = "<group>"; };
		E938CF4D1F20862D006C01B4 /* UITestDemoUITests.xctest */ = {isa = PBXFileReference; explicitFileType = wrapper.cfbundle; includeInIndex = 0; path = UITestDemoUITests.xctest; sourceTree = BUILT_PRODUCTS_DIR; };
		E938CF511F20862D006C01B4 /* UITestDemoUITests.swift */ = {isa = PBXFileReference; lastKnownFileType = sourcecode.swift; path = UITestDemoUITests.swift; sourceTree = "<group>"; };
		E938CF531F20862D006C01B4 /* Info.plist */ = {isa = PBXFileReference; lastKnownFileType = text.plist.xml; path = Info.plist; sourceTree = "<group>"; };
/* End PBXFileReference section */

/* Begin PBXFrameworksBuildPhase section */
		E938CF361F20862D006C01B4 /* Frameworks */ = {
			isa = PBXFrameworksBuildPhase;
			buildActionMask = 2147483647;
			files = (
			);
			runOnlyForDeploymentPostprocessing = 0;
		};
		E938CF4A1F20862D006C01B4 /* Frameworks */ = {
			isa = PBXFrameworksBuildPhase;
			buildActionMask = 2147483647;
			files = (
			);
			runOnlyForDeploymentPostprocessing = 0;
		};
/* End PBXFrameworksBuildPhase section */

/* Begin PBXGroup section */
		E938CF301F20862D006C01B4 = {
			isa = PBXGroup;
			children = (
				E938CF3B1F20862D006C01B4 /* UITestDemo */,
				E938CF501F20862D006C01B4 /* UITestDemoUITests */,
				E938CF3A1F20862D006C01B4 /* Products */,
			);
			sourceTree = "<group>";
		};
		E938CF3A1F20862D006C01B4 /* Products */ = {
			isa = PBXGroup;
			children = (
				E938CF391F20862D006C01B4 /* UITestDemo.app */,
				E938CF4D1F20862D006C01B4 /* UITestDemoUITests.xctest */,
			);
			name = Products;
			sourceTree = "<group>";
		};
		E938CF3B1F20862D006C01B4 /* UITestDemo */ = {
			isa = PBXGroup;
			children = (
				E938CF3C1F20862D006C01B4 /* AppDelegate.swift */,
				E938CF3E1F20862D006C01B4 /* ViewController.swift */,
				E938CF401F20862D006C01B4 /* Main.storyboard */,
				E938CF431F20862D006C01B4 /* Assets.xcassets */,
				E938CF451F20862D006C01B4 /* LaunchScreen.storyboard */,
				E938CF481F20862D006C01B4 /* Info.plist */,
			);
			path = UITestDemo;
			sourceTree = "<group>";
		};
		E938CF501F20862D006C01B4 /* UITestDemoUITests */ = {
			isa = PBXGroup;
			children = (
				E938CF511F20862D006C01B4 /* UITestDemoUITests.swift */,
				E938CF531F20862D006C01B4 /* Info.plist */,
			);
			path = UITestDemoUITests;
			sourceTree = "<group>";
		};
/* End PBXGroup section */

/* Begin PBXNativeTarget section */
		E938CF381F20862D006C01B4 /* UITestDemo */ = {
			isa = PBXNativeTarget;
			buildConfigurationList = E938CF561F20862D006C01B4 /* Build configuration list for PBXNativeTarget "UITestDemo" */;
			buildPhases = (
				E938CF351F20862D006C01B4 /* Sources */,
				E938CF361F20862D006C01B4 /* Frameworks */,
				E938CF371F20862D006C01B4 /* Resources */,
			);
			buildRules = (
			);
			dependencies = (
			);
			name = UITestDemo;
			productName = UITestDemo;
			productReference = E938CF391F20862D006C01B4 /* UITestDemo.app */;
			productType = "com.apple.product-type.application";
		};
		E938CF4C1F20862D006C01B4 /* UITestDemoUITests */ = {
			isa = PBXNativeTarget;
			buildConfigurationList = E938CF591F20862D006C01B4 /* Build configuration list for PBXNativeTarget "UITestDemoUITests" */;
			buildPhases = (
				E938CF491F20862D006C01B4 /* Sources */,
				E938CF4A1F20862D006C01B4 /* Frameworks */,
				E938CF4B1F20862D006C01B4 /* Resources */,
			);
			buildRules = (
			);
			dependencies = (
				E938CF4F1F20862D006C01B4 /* PBXTargetDependency */,
			);
			name = UITestDemoUITests;
			productName = UITestDemoUITests;
			productReference = E938CF4D1F20862D006C01B4 /* UITestDemoUITests.xctest */;
			productType = "com.apple.product-type.bundle.ui-testing";
		};
/* End PBXNativeTarget section */

/* Begin PBXProject section */
		E938CF311F20862D006C01B4 /* Project object */ = {
			isa = PBXProject;
			attributes = {
				LastSwiftUpdateCheck = 0830;
				LastUpgradeCheck = 0830;
				ORGANIZATIONNAME = Webwerks;
				TargetAttributes = {
					E938CF381F20862D006C01B4 = {
						CreatedOnToolsVersion = 8.3.3;
						DevelopmentTeam = DY28CA8YY6;
						ProvisioningStyle = Automatic;
					};
					E938CF4C1F20862D006C01B4 = {
						CreatedOnToolsVersion = 8.3.3;
						DevelopmentTeam = DY28CA8YY6;
						ProvisioningStyle = Automatic;
						TestTargetID = E938CF381F20862D006C01B4;
					};
				};
			};
			buildConfigurationList = E938CF341F20862D006C01B4 /* Build configuration list for PBXProject "UITestDemo" */;
			compatibilityVersion = "Xcode 3.2";
			developmentRegion = English;
			hasScannedForEncodings = 0;
			knownRegions = (
				en,
				Base,
			);
			mainGroup = E938CF301F20862D006C01B4;
			productRefGroup = E938CF3A1F20862D006C01B4 /* Products */;
			projectDirPath = "";
			projectRoot = "";
			targets = (
				E938CF381F20862D006C01B4 /* UITestDemo */,
				E938CF4C1F20862D006C01B4 /* UITestDemoUITests */,
			);
		};
/* End PBXProject section */

/* Begin PBXResourcesBuildPhase section */
		E938CF371F20862D006C01B4 /* Resources */ = {
			isa = PBXResourcesBuildPhase;
			buildActionMask = 2147483647;
			files = (
				E938CF471F20862D006C01B4 /* LaunchScreen.storyboard in Resources */,
				E938CF441F20862D006C01B4 /* Assets.xcassets in Resources */,
				E938CF421F20862D006C01B4 /* Main.storyboard in Resources */,
			);
			runOnlyForDeploymentPostprocessing = 0;
		};
		E938CF4B1F20862D006C01B4 /* Resources */ = {
			isa = PBXResourcesBuildPhase;
			buildActionMask = 2147483647;
			files = (
			);
			runOnlyForDeploymentPostprocessing = 0;
		};
/* End PBXResourcesBuildPhase section */

/* Begin PBXSourcesBuildPhase section */
		E938CF351F20862D006C01B4 /* Sources */ = {
			isa = PBXSourcesBuildPhase;
			buildActionMask = 2147483647;
			files = (
				E938CF3F1F20862D006C01B4 /* ViewController.swift in Sources */,
				E938CF3D1F20862D006C01B4 /* AppDelegate.swift in Sources */,
			);
			runOnlyForDeploymentPostprocessing = 0;
		};
		E938CF491F20862D006C01B4 /* Sources */ = {
			isa = PBXSourcesBuildPhase;
			buildActionMask = 2147483647;
			files = (
				E938CF521F20862D006C01B4 /* UITestDemoUITests.swift in Sources */,
			);
			runOnlyForDeploymentPostprocessing = 0;
		};
/* End PBXSourcesBuildPhase section */

/* Begin PBXTargetDependency section */
		E938CF4F1F20862D006C01B4 /* PBXTargetDependency */ = {
			isa = PBXTargetDependency;
			target = E938CF381F20862D006C01B4 /* UITestDemo */;
			targetProxy = E938CF4E1F20862D006C01B4 /* PBXContainerItemProxy */;
		};
/* End PBXTargetDependency section */

/* Begin PBXVariantGroup section */
		E938CF401F20862D006C01B4 /* Main.storyboard */ = {
			isa = PBXVariantGroup;
			children = (
				E938CF411F20862D006C01B4 /* Base */,
			);
			name = Main.storyboard;
			sourceTree = "<group>";
		};
		E938CF451F20862D006C01B4 /* LaunchScreen.storyboard */ = {
			isa = PBXVariantGroup;
			children = (
				E938CF461F20862D006C01B4 /* Base */,
			);
			name = LaunchScreen.storyboard;
			sourceTree = "<group>";
		};
/* End PBXVariantGroup section */

/* Begin XCBuildConfiguration section */
		E938CF541F20862D006C01B4 /* Debug */ = {
			isa = XCBuildConfiguration;
			buildSettings = {
				ALWAYS_SEARCH_USER_PATHS = NO;
				CLANG_ANALYZER_NONNULL = YES;
				CLANG_ANALYZER_NUMBER_OBJECT_CONVERSION = YES_AGGRESSIVE;
				CLANG_CXX_LANGUAGE_STANDARD = "gnu++0x";
				CLANG_CXX_LIBRARY = "libc++";
				CLANG_ENABLE_MODULES = YES;
				CLANG_ENABLE_OBJC_ARC = YES;
				CLANG_WARN_BOOL_CONVERSION = YES;
				CLANG_WARN_CONSTANT_CONVERSION = YES;
				CLANG_WARN_DIRECT_OBJC_ISA_USAGE = YES_ERROR;
				CLANG_WARN_DOCUMENTATION_COMMENTS = YES;
				CLANG_WARN_EMPTY_BODY = YES;
				CLANG_WARN_ENUM_CONVERSION = YES;
				CLANG_WARN_INFINITE_RECURSION = YES;
				CLANG_WARN_INT_CONVERSION = YES;
				CLANG_WARN_OBJC_ROOT_CLASS = YES_ERROR;
				CLANG_WARN_SUSPICIOUS_MOVE = YES;
				CLANG_WARN_UNREACHABLE_CODE = YES;
				CLANG_WARN__DUPLICATE_METHOD_MATCH = YES;
				"CODE_SIGN_IDENTITY[sdk=iphoneos*]" = "iPhone Developer";
				COPY_PHASE_STRIP = NO;
				DEBUG_INFORMATION_FORMAT = dwarf;
				ENABLE_STRICT_OBJC_MSGSEND = YES;
				ENABLE_TESTABILITY = YES;
				GCC_C_LANGUAGE_STANDARD = gnu99;
				GCC_DYNAMIC_NO_PIC = NO;
				GCC_NO_COMMON_BLOCKS = YES;
				GCC_OPTIMIZATION_LEVEL = 0;
				GCC_PREPROCESSOR_DEFINITIONS = (
					"DEBUG=1",
					"$(inherited)",
				);
				GCC_WARN_64_TO_32_BIT_CONVERSION = YES;
				GCC_WARN_ABOUT_RETURN_TYPE = YES_ERROR;
				GCC_WARN_UNDECLARED_SELECTOR = YES;
				GCC_WARN_UNINITIALIZED_AUTOS = YES_AGGRESSIVE;
				GCC_WARN_UNUSED_FUNCTION = YES;
				GCC_WARN_UNUSED_VARIABLE = YES;
				IPHONEOS_DEPLOYMENT_TARGET = 10.3;
				MTL_ENABLE_DEBUG_INFO = YES;
				ONLY_ACTIVE_ARCH = YES;
				SDKROOT = iphoneos;
				SWIFT_ACTIVE_COMPILATION_CONDITIONS = DEBUG;
				SWIFT_OPTIMIZATION_LEVEL = "-Onone";
			};
			name = Debug;
		};
		E938CF551F20862D006C01B4 /* Release */ = {
			isa = XCBuildConfiguration;
			buildSettings = {
				ALWAYS_SEARCH_USER_PATHS = NO;
				CLANG_ANALYZER_NONNULL = YES;
				CLANG_ANALYZER_NUMBER_OBJECT_CONVERSION = YES_AGGRESSIVE;
				CLANG_CXX_LANGUAGE_STANDARD = "gnu++0x";
				CLANG_CXX_LIBRARY = "libc++";
				CLANG_ENABLE_MODULES = YES;
				CLANG_ENABLE_OBJC_ARC = YES;
				CLANG_WARN_BOOL_CONVERSION = YES;
				CLANG_WARN_CONSTANT_CONVERSION = YES;
				CLANG_WARN_DIRECT_OBJC_ISA_USAGE = YES_ERROR;
				CLANG_WARN_DOCUMENTATION_COMMENTS = YES;
				CLANG_WARN_EMPTY_BODY = YES;
				CLANG_WARN_ENUM_CONVERSION = YES;
				CLANG_WARN_INFINITE_RECURSION = YES;
				CLANG_WARN_INT_CONVERSION = YES;
				CLANG_WARN_OBJC_ROOT_CLASS = YES_ERROR;
				CLANG_WARN_SUSPICIOUS_MOVE = YES;
				CLANG_WARN_UNREACHABLE_CODE = YES;
				CLANG_WARN__DUPLICATE_METHOD_MATCH = YES;
				"CODE_SIGN_IDENTITY[sdk=iphoneos*]" = "iPhone Developer";
				COPY_PHASE_STRIP = NO;
				DEBUG_INFORMATION_FORMAT = "dwarf-with-dsym";
				ENABLE_NS_ASSERTIONS = NO;
				ENABLE_STRICT_OBJC_MSGSEND = YES;
				GCC_C_LANGUAGE_STANDARD = gnu99;
				GCC_NO_COMMON_BLOCKS = YES;
				GCC_WARN_64_TO_32_BIT_CONVERSION = YES;
				GCC_WARN_ABOUT_RETURN_TYPE = YES_ERROR;
				GCC_WARN_UNDECLARED_SELECTOR = YES;
				GCC_WARN_UNINITIALIZED_AUTOS = YES_AGGRESSIVE;
				GCC_WARN_UNUSED_FUNCTION = YES;
				GCC_WARN_UNUSED_VARIABLE = YES;
				IPHONEOS_DEPLOYMENT_TARGET = 10.3;
				MTL_ENABLE_DEBUG_INFO = NO;
				SDKROOT = iphoneos;
				SWIFT_OPTIMIZATION_LEVEL = "-Owholemodule";
				VALIDATE_PRODUCT = YES;
			};
			name = Release;
		};
		E938CF571F20862D006C01B4 /* Debug */ = {
			isa = XCBuildConfiguration;
			buildSettings = {
				ASSETCATALOG_COMPILER_APPICON_NAME = AppIcon;
				DEVELOPMENT_TEAM = DY28CA8YY6;
				INFOPLIST_FILE = UITestDemo/Info.plist;
				LD_RUNPATH_SEARCH_PATHS = "$(inherited) @executable_path/Frameworks";
				PRODUCT_BUNDLE_IDENTIFIER = com.webwerks.UITestDemo;
				PRODUCT_NAME = "$(TARGET_NAME)";
				SWIFT_VERSION = 3.0;
			};
			name = Debug;
		};
		E938CF581F20862D006C01B4 /* Release */ = {
			isa = XCBuildConfiguration;
			buildSettings = {
				ASSETCATALOG_COMPILER_APPICON_NAME = AppIcon;
				DEVELOPMENT_TEAM = DY28CA8YY6;
				INFOPLIST_FILE = UITestDemo/Info.plist;
				LD_RUNPATH_SEARCH_PATHS = "$(inherited) @executable_path/Frameworks";
				PRODUCT_BUNDLE_IDENTIFIER = com.webwerks.UITestDemo;
				PRODUCT_NAME = "$(TARGET_NAME)";
				SWIFT_VERSION = 3.0;
			};
			name = Release;
		};
		E938CF5A1F20862D006C01B4 /* Debug */ = {
			isa = XCBuildConfiguration;
			buildSettings = {
				ALWAYS_EMBED_SWIFT_STANDARD_LIBRARIES = YES;
				DEVELOPMENT_TEAM = DY28CA8YY6;
				INFOPLIST_FILE = UITestDemoUITests/Info.plist;
				LD_RUNPATH_SEARCH_PATHS = "$(inherited) @executable_path/Frameworks @loader_path/Frameworks";
				PRODUCT_BUNDLE_IDENTIFIER = com.webwerks.UITestDemoUITests;
				PRODUCT_NAME = "$(TARGET_NAME)";
				SWIFT_VERSION = 3.0;
				TEST_TARGET_NAME = UITestDemo;
			};
			name = Debug;
		};
		E938CF5B1F20862D006C01B4 /* Release */ = {
			isa = XCBuildConfiguration;
			buildSettings = {
				ALWAYS_EMBED_SWIFT_STANDARD_LIBRARIES = YES;
				DEVELOPMENT_TEAM = DY28CA8YY6;
				INFOPLIST_FILE = UITestDemoUITests/Info.plist;
				LD_RUNPATH_SEARCH_PATHS = "$(inherited) @executable_path/Frameworks @loader_path/Frameworks";
				PRODUCT_BUNDLE_IDENTIFIER = com.webwerks.UITestDemoUITests;
				PRODUCT_NAME = "$(TARGET_NAME)";
				SWIFT_VERSION = 3.0;
				TEST_TARGET_NAME = UITestDemo;
			};
			name = Release;
		};
/* End XCBuildConfiguration section */

/* Begin XCConfigurationList section */
		E938CF341F20862D006C01B4 /* Build configuration list for PBXProject "UITestDemo" */ = {
			isa = XCConfigurationList;
			buildConfigurations = (
				E938CF541F20862D006C01B4 /* Debug */,
				E938CF551F20862D006C01B4 /* Release */,
			);
			defaultConfigurationIsVisible = 0;
			defaultConfigurationName = Release;
		};
		E938CF561F20862D006C01B4 /* Build configuration list for PBXNativeTarget "UITestDemo" */ = {
			isa = XCConfigurationList;
			buildConfigurations = (
				E938CF571F20862D006C01B4 /* Debug */,
				E938CF581F20862D006C01B4 /* Release */,
			);
			defaultConfigurationIsVisible = 0;
		};
		E938CF591F20862D006C01B4 /* Build configuration list for PBXNativeTarget "UITestDemoUITests" */ = {
			isa = XCConfigurationList;
			buildConfigurations = (
				E938CF5A1F20862D006C01B4 /* Debug */,
				E938CF5B1F20862D006C01B4 /* Release */,
			);
			defaultConfigurationIsVisible = 0;
		};
/* End XCConfigurationList section */
	};
	rootObject = E938CF311F20862D006C01B4 /* Project object */;
}
